
Microsoft Visual Studio Solution File, Format Version 12.00
# Visual Studio Version 17
VisualStudioVersion = 17.11.35219.272
MinimumVisualStudioVersion = 10.0.40219.1
Project("{FAE04EC0-301F-11D3-BF4B-00C04F79EFBC}") = "BetoVanBlogsWebApp", "BetoVanBlogsWebApp\BetoVanBlogsWebApp.csproj", "{29F7F8A6-CC1C-4334-9CD4-AF265ACAC1B2}"
EndProject
Project("{FAE04EC0-301F-11D3-BF4B-00C04F79EFBC}") = "VeriErişimKatmanı", "VeriErişimKatmanı\VeriErişimKatmanı.csproj", "{82CC2ED0-EDE2-41F2-8B5C-2110635B82C8}"
EndProject
Global
	GlobalSection(SolutionConfigurationPlatforms) = preSolution
		Debug|Any CPU = Debug|Any CPU
		Release|Any CPU = Release|Any CPU
	EndGlobalSection
	GlobalSection(ProjectConfigurationPlatforms) = postSolution
		{29F7F8A6-CC1C-4334-9CD4-AF265ACAC1B2}.Debug|Any CPU.ActiveCfg = Debug|Any CPU
		{29F7F8A6-CC1C-4334-9CD4-AF265ACAC1B2}.Debug|Any CPU.Build.0 = Debug|Any CPU
		{29F7F8A6-CC1C-4334-9CD4-AF265ACAC1B2}.Release|Any CPU.ActiveCfg = Release|Any CPU
		{29F7F8A6-CC1C-4334-9CD4-AF265ACAC1B2}.Release|Any CPU.Build.0 = Release|Any CPU
		{82CC2ED0-EDE2-41F2-8B5C-2110635B82C8}.Debug|Any CPU.ActiveCfg = Debug|Any CPU
		{82CC2ED0-EDE2-41F2-8B5C-2110635B82C8}.Debug|Any CPU.Build.0 = Debug|Any CPU
		{82CC2ED0-EDE2-41F2-8B5C-2110635B82C8}.Release|Any CPU.ActiveCfg = Release|Any CPU
		{82CC2ED0-EDE2-41F2-8B5C-2110635B82C8}.Release|Any CPU.Build.0 = Release|Any CPU
	EndGlobalSection
	GlobalSection(SolutionProperties) = preSolution
		HideSolutionNode = FALSE
	EndGlobalSection
	GlobalSection(ExtensibilityGlobals) = postSolution
		SolutionGuid = {C44F83AB-F758-4D10-830A-B6AE1FAE8D69}
	EndGlobalSection
EndGlobal
